PODS:
  - Adjust (4.33.6):
    - Adjust/Core (= 4.33.6)
  - Adjust/Core (4.33.6)
  - AFNetworking (4.0.1):
    - AFNetworking/NSURLSession (= 4.0.1)
    - AFNetworking/Reachability (= 4.0.1)
    - AFNetworking/Security (= 4.0.1)
    - AFNetworking/Serialization (= 4.0.1)
    - AFNetworking/UIKit (= 4.0.1)
  - AFNetworking/NSURLSession (4.0.1):
    - AFNetworking/Reachability
    - AFNetworking/Security
    - AFNetworking/Serialization
  - AFNetworking/Reachability (4.0.1)
  - AFNetworking/Security (4.0.1)
  - AFNetworking/Serialization (4.0.1)
  - AFNetworking/UIKit (4.0.1):
    - AFNetworking/NSURLSession
  - AliyunOSSiOS (2.10.18)
  - CRBoxInputView (1.2.2):
    - Masonry
  - IQKeyboardManager (6.5.12)
  - Masonry (1.1.0)
  - MJExtension (3.4.1)
  - SDWebImage (5.17.0):
    - SDWebImage/Core (= 5.17.0)
  - SDWebImage/Core (5.17.0)
  - SVProgressHUD (2.2.5)
  - SVPullToRefresh (0.4.1)

DEPENDENCIES:
  - Adjust
  - AFNetworking
  - AliyunOSSiOS
  - CRBoxInputView
  - IQKeyboardManager
  - Masonry
  - MJExtension
  - SDWebImage
  - SVProgressHUD
  - SVPullToRefresh

SPEC REPOS:
  https://github.com/CocoaPods/Specs.git:
    - Adjust
    - AFNetworking
    - AliyunOSSiOS
    - CRBoxInputView
    - IQKeyboardManager
    - Masonry
    - MJExtension
    - SDWebImage
    - SVProgressHUD
    - SVPullToRefresh

SPEC CHECKSUMS:
  Adjust: c3b6c3734928a617fefce81dc223fd5f104162be
  AFNetworking: 3bd23d814e976cd148d7d44c3ab78017b744cd58
  AliyunOSSiOS: e683c1b1faa0657b5cd02de733628cf996f4cd93
  CRBoxInputView: 2380c292aabbf786fe923776f111ba3053438fba
  IQKeyboardManager: b1fd66ccf7a79095bdcc4a2735231586f744216e
  Masonry: 678fab65091a9290e40e2832a55e7ab731aad201
  MJExtension: 21c5f6f8c4d5d8844b7ae8fbae08fed0b501f961
  SDWebImage: 750adf017a315a280c60fde706ab1e552a3ae4e9
  SVProgressHUD: 1428aafac632c1f86f62aa4243ec12008d7a51d6
  SVPullToRefresh: ba2e718695a43253d8bea6852d2960097dc15d8c

PODFILE CHECKSUM: 3d40958b3a6fae2f5e11bbb5e8f3ce592dea6ff1

COCOAPODS: 1.12.1
